Microsoft Visual Studio Solution File, Format Version 12.00
# Visual Studio Version 17
VisualStudioVersion = 17.5.2.0
MinimumVisualStudioVersion = 10.0.40219.1
Project("{FAE04EC0-301F-11D3-BF4B-00C04F79EFBC}") = "FormFlow.Blazor", "FormFlow.Blazor.csproj", "{48EBDB75-2B1C-9382-BB01-E4A9EEA51EAF}"
EndProject
Global
	GlobalSection(SolutionConfigurationPlatforms) = preSolution
		Debug|Any CPU = Debug|Any CPU
		Release|Any CPU = Release|Any CPU
	EndGlobalSection
	GlobalSection(ProjectConfigurationPlatforms) = postSolution
		{48EBDB75-2B1C-9382-BB01-E4A9EEA51EAF}.Debug|Any CPU.ActiveCfg = Debug|Any CPU
		{48EBDB75-2B1C-9382-BB01-E4A9EEA51EAF}.Debug|Any CPU.Build.0 = Debug|Any CPU
		{48EBDB75-2B1C-9382-BB01-E4A9EEA51EAF}.Release|Any CPU.ActiveCfg = Release|Any CPU
		{48EBDB75-2B1C-9382-BB01-E4A9EEA51EAF}.Release|Any CPU.Build.0 = Release|Any CPU
	EndGlobalSection
	GlobalSection(SolutionProperties) = preSolution
		HideSolutionNode = FALSE
	EndGlobalSection
	GlobalSection(ExtensibilityGlobals) = postSolution
		SolutionGuid = {9BC4CF57-735F-465A-A7C3-ABBD8D7048EC}
	EndGlobalSection
EndGlobal
